
Microsoft Visual Studio Solution File, Format Version 12.00
# Visual Studio Version 16
VisualStudioVersion = 16.0.32126.315
MinimumVisualStudioVersion = 10.0.40219.1
Project("{FAE04EC0-301F-11D3-BF4B-00C04F79EFBC}") = "Classwork", "Classwork\Classwork.csproj", "{96AF9B8D-3B03-4A7F-AA2B-6BA952684FE7}"
EndProject
Project("{FAE04EC0-301F-11D3-BF4B-00C04F79EFBC}") = "Models", "Models\Models.csproj", "{6D7B961C-684B-430F-880F-B51838BAFBEA}"
EndProject
Global
	GlobalSection(SolutionConfigurationPlatforms) = preSolution
		Debug|Any CPU = Debug|Any CPU
		Release|Any CPU = Release|Any CPU
	EndGlobalSection
	GlobalSection(ProjectConfigurationPlatforms) = postSolution
		{96AF9B8D-3B03-4A7F-AA2B-6BA952684FE7}.Debug|Any CPU.ActiveCfg = Debug|Any CPU
		{96AF9B8D-3B03-4A7F-AA2B-6BA952684FE7}.Debug|Any CPU.Build.0 = Debug|Any CPU
		{96AF9B8D-3B03-4A7F-AA2B-6BA952684FE7}.Release|Any CPU.ActiveCfg = Release|Any CPU
		{96AF9B8D-3B03-4A7F-AA2B-6BA952684FE7}.Release|Any CPU.Build.0 = Release|Any CPU
		{6D7B961C-684B-430F-880F-B51838BAFBEA}.Debug|Any CPU.ActiveCfg = Debug|Any CPU
		{6D7B961C-684B-430F-880F-B51838BAFBEA}.Debug|Any CPU.Build.0 = Debug|Any CPU
		{6D7B961C-684B-430F-880F-B51838BAFBEA}.Release|Any CPU.ActiveCfg = Release|Any CPU
		{6D7B961C-684B-430F-880F-B51838BAFBEA}.Release|Any CPU.Build.0 = Release|Any CPU
	EndGlobalSection
	GlobalSection(SolutionProperties) = preSolution
		HideSolutionNode = FALSE
	EndGlobalSection
	GlobalSection(ExtensibilityGlobals) = postSolution
		SolutionGuid = {660DF31C-6D5E-4492-B9C4-3276FA6CE0C4}
	EndGlobalSection
EndGlobal
